
Microsoft Visual Studio Solution File, Format Version 12.00
# Visual Studio 2012
Project("{FAE04EC0-301F-11D3-BF4B-00C04F79EFBC}") = "smartshop", "WebApplication1\smartshop.csproj", "{D09F0118-02DE-4D3A-84B1-A3E1CDCA28E6}"
EndProject
Project("{FAE04EC0-301F-11D3-BF4B-00C04F79EFBC}") = "UIValidatorLIB", "UIValidatorLIB\UIValidatorLIB.csproj", "{858947F2-BA4C-458C-ABAF-FC963A311978}"
EndProject
Project("{FAE04EC0-301F-11D3-BF4B-00C04F79EFBC}") = "SSM_DBLIB", "SSM_DBLIB\SSM_DBLIB.csproj", "{B2349098-1883-43DA-A10F-B2C25A03FAE4}"
EndProject
Global
	GlobalSection(SolutionConfigurationPlatforms) = preSolution
		Debug|Any CPU = Debug|Any CPU
		Release|Any CPU = Release|Any CPU
	EndGlobalSection
	GlobalSection(ProjectConfigurationPlatforms) = postSolution
		{D09F0118-02DE-4D3A-84B1-A3E1CDCA28E6}.Debug|Any CPU.ActiveCfg = Debug|Any CPU
		{D09F0118-02DE-4D3A-84B1-A3E1CDCA28E6}.Debug|Any CPU.Build.0 = Debug|Any CPU
		{D09F0118-02DE-4D3A-84B1-A3E1CDCA28E6}.Release|Any CPU.ActiveCfg = Release|Any CPU
		{D09F0118-02DE-4D3A-84B1-A3E1CDCA28E6}.Release|Any CPU.Build.0 = Release|Any CPU
		{858947F2-BA4C-458C-ABAF-FC963A311978}.Debug|Any CPU.ActiveCfg = Debug|Any CPU
		{858947F2-BA4C-458C-ABAF-FC963A311978}.Debug|Any CPU.Build.0 = Debug|Any CPU
		{858947F2-BA4C-458C-ABAF-FC963A311978}.Release|Any CPU.ActiveCfg = Release|Any CPU
		{858947F2-BA4C-458C-ABAF-FC963A311978}.Release|Any CPU.Build.0 = Release|Any CPU
		{B2349098-1883-43DA-A10F-B2C25A03FAE4}.Debug|Any CPU.ActiveCfg = Debug|Any CPU
		{B2349098-1883-43DA-A10F-B2C25A03FAE4}.Debug|Any CPU.Build.0 = Debug|Any CPU
		{B2349098-1883-43DA-A10F-B2C25A03FAE4}.Release|Any CPU.ActiveCfg = Release|Any CPU
		{B2349098-1883-43DA-A10F-B2C25A03FAE4}.Release|Any CPU.Build.0 = Release|Any CPU
	EndGlobalSection
	GlobalSection(SolutionProperties) = preSolution
		HideSolutionNode = FALSE
	EndGlobalSection
EndGlobal
